{
  "version": 4,
  "terraform_version": "1.1.3",
  "serial": 51,
  "lineage": "8e0005ea-0590-d9c3-39a2-eff89ecc7c97",
  "outputs": {
    "public_ip1": {
      "value": "54.159.67.254",
      "type": "string"
    },
    "tls_private_key": {
      "value": "-----BEGIN RSA PRIVATE KEY-----\nMIIJJwIBAAKCAgEA3faTcy2oQ7LYtjs7VD4WCrEXXA8b8Vemi+ruC3EnpYj7Bga3\nFKvgm9qimETNCZsRpeaQjqbDLE8l6ljmG4eqMb0zQOUEMkijoHwKv81j6hxF4v4D\nk2tYrwdiKFomFO4LhpeXYldQ/VfyvWdqhpqJlAQxfgyhCpzfH0tsojjOG7+M1ll3\nMgr+Sm/7fV3CMfSczrstQp7SkXWI2jzcb4wVk/+exj3nyfsvIR7RuuaaQ6YbvqMR\ntjd1t1fyjYHxUmXLQf41Vhd90sNPYIU0U2DYSLxcZ/GhbA1tA0fGyzTBBewpd16s\nmo9MfmDS6cewKDfXqnVdKZy7HfctUBTF/vq1qAV8vVrKCpDZHp1DLI9KSRvU1vdq\nsxrSZgq8qCSrsy+H8XUEhJBwweKDLwGVYuswH1M22zOVrwsWwzY+2o2wZNBemVEL\nQkwItrrj15ZEVzJvWSfcHsKWPqJPSnsgLvSlWj/DhQ4XdAK4YgIp1rSYGZd2DYBb\n1XwBQYpFnOd67Eksnif2G/wE+3V2J1gUtPKRLr1Vnh5+mpnqoncuxwOZJ7FKC0KO\nb75vftHN9hVPXvPltIzWT/2a2sAPWbW30b6JRGUZk9PvE8esngy1bBmRwr/h3Diy\ny1tUTTZhQfSQE6bSgfR7Zwcs81s1Kywk8qLLH/kwFGW42JNOYISnqWgDfRUCAwEA\nAQKCAgAazovSTkJTIsdvgsnQi8sHsYmbsatzQ1226kGjmh/qqxd+C9OSqItw5z/Z\n2f1VWqgP/D+bKuLJeCmhGul3i7PvW+VTwhT2qbUxTanSrlCR1qZOGtV9uWo1gVPG\ngdS1lGZJ9AbxdpAueK+1VkcUSJezC6qaiZXtfTKpSeet0+R4j3LH9Hgj0BYUEWAz\nLN6mP9+sTAjUUfAmZyaHDPCmfCmi/S1Ezfcveqmfe2RjCTS6VNZm+LTL5/jMks+V\nbYsio26f4r64ThABI1tz0cKXC0wzxKP4XcNcFGcFDWch5ZYmS/ZaF1ILPKFFZhYy\n684HnW7rhE8jFm222cJcOJYNDGRh0+sOnCLuNRI78RSYJUIzMUkFTeYBAzD4mnOg\n+/07nka5uSw+st6bLtBd0+HnNWRK5iVLXFvqNjcGPSUuG7Z45zC7JsWvmu3AXBSA\n9BI96eq+ODPBx+7jpiZN0MkPW2MmaH+U3Y0db2LIInLZiasf3FvF2HubR+fBRzNL\nO+ho5c3vkie0Lhur4Afrtytczsx0B4txodKk0rsDUgUSLaZ3EL/YyWcIQjx78Bi8\nvXuXBNI33WNUNl1SbUFHfx0DsahyqZc8NbCBlW67gt8rcXDJIq6aXsOO/nFRhHxE\nCq5+shi5LvtgejePkefelfYSm37CLDNqMZaXEiN/3HoUgFTw5QKCAQEA8Jns93jv\nboBDyc8MbQDEtebhJkrNuYM8PlHiMQ+Cqvr9cFoSBePxYHHYsHLSA18FJ6avJnJ3\nHogjp0FlSwUANsK+4qOBfaklR9OJkO4tbqVQNq2ZKaZ8DfSF3v/YCZJdkgk50V38\nPvNSUrHtYaHNlfjg9b5R4GSuikn9Jxvg1yuMi6h92j6HrPbkEJVneYSuzhnSCgfM\nG+FT4H6fIfam9Dc2WJHb13enZe/L6w1sV34bcTaec7hos0DlI7BxLkmv070OoSzh\nk6sV4Ms3hAeV8koTuYj/jya2wHTF1go8SU+nUWWS4cJ7P8S+anJTfnJ/XQFEowKe\naRUWXH4sE2NPXwKCAQEA7CtHcE0uaTKfyeUYNulHvPWbSiUCWozI2dUKVqOscTKu\nnK6XcQ2rfkxPra3NcXzOJf5qSq26VFcbXVQ6VXFAYtSa9O2DqCGveEaC+yyiZser\nX6scMxCR7vNd0aByuCYb1kEv/+L/XY6Lnmx+mwjgm/ld9Ey6L/iFcwsJs+XsjNrT\nko8SBntiGdDPMevp0Ry1oAI4QsVyCsTVdelM9MszTQm5zU29Kf4UA7tV+80rv7de\nIDXYfYMSIeduxKmWO3BP1hhQYi79xqyZbGsd9MjOWDGj53lN+xD3A0XEw8gRoSDP\ntuTQLlds90PGUll/Gng0na8bJ069EYbyYIGxAJ1sCwKCAQBEsT21ngKGAvrXqFR8\n3oZLBOLtQtgfifduN4SjyzDcThKDvEN/CQhGJ9rc7btGGR/opS9Gg9G8ltPPEd2w\noHniKJHFNTdoQB2TtzKEfWvdNjeDlOawvIaYmWKLO3JbsT0jz5yBSRsWgfPUBlam\n1EJU+hyILNFFhplKhDtRqiT0acuTqARehhHIcSjGD1HeoOIjl72e/YDpyNhgtOYM\nFVavTQAoI2SnzNKvSNpofombJTcCiLyOf2ztGK8TFHIL7B/WDRkbLSwuM99oMbzk\n5iGKblnZU+La5QuyQOSm6n8x0xsLIzvfVt5HY42V6JQr+tagIBePjtTZXZrnx2Ig\nGu9zAoIBAE2I9+86p54J7MPP3t9IPzEeQVlaRSeNSPObKcW//oE7bnAqMbYAEulo\nDFCs2uIDY3q9yA+0cZP29Rjy6iPbBpRr0GPRBoRQatdF7wKfaMHtk6nY920cZ4zX\ngVmtH3ytpj31MNkFoWkJv3THkdk8VOFgQSRPfGD7anSWjxzsw3iK7yMSrYxLPa3U\nC/ILzbvFfSuHDwl84S//50TKz2UewTztkH6CozQCIngHLPd6KH7MqK5SfzzVp0JS\nRN9z/cqN2OglG17gpphvWf9qO2997aCuy2zXOm7O5wnAAhV0vbT0nL0i6eYM9c1I\nBvhKQZxjEoMiVfvVseTrNO/SJFZbWHkCggEAQgBrYcE+BbmBbH28mUBvCQRXem57\nXr0Xdruiee9TB/TUqul8auCve20H2hpEWLoJB0aKzHysgfEv348T4VXZfYFmfJ98\nt6r00057oaHvOAMuplwIGN03y7Kdaoou+hPbpse/IXdM1jb3qFHmPEEiwyAAmYex\nNwst6djrRdPPABqXPddi/JoVJW3wNOtGbSmxPV0GucZz0knazzxNOgwA7R49jKun\nNJbirHTOHExNxXrlc/L6VRqnTrR17/Z9B7sTvZgMmUxg6Tc2gX4LmQAlrl3nC3vb\ngDCM5FBf31eHoiQf2bB9VqyrDZioCfovgVV8xr09cV9+c9VAT7IR1b16MA==\n-----END RSA PRIVATE KEY-----\n",
      "type": "string",
      "sensitive": true
    }
  },
  "resources": [
    {
      "mode": "managed",
      "type": "aws_instance",
      "name": "private_ec2",
      "provider": "provider[\"registry.terraform.io/hashicorp/aws\"]",
      "instances": [
        {
          "schema_version": 1,
          "attributes": {
            "ami": "ami-08e4e35cccc6189f4",
            "arn": "arn:aws:ec2:us-east-1:337948412185:instance/i-09781afc55a724def",
            "associate_public_ip_address": false,
            "availability_zone": "us-east-1b",
            "capacity_reservation_specification": [
              {
                "capacity_reservation_preference": "open",
                "capacity_reservation_target": []
              }
            ],
            "cpu_core_count": 1,
            "cpu_threads_per_core": 1,
            "credit_specification": [
              {
                "cpu_credits": "standard"
              }
            ],
            "disable_api_termination": false,
            "ebs_block_device": [],
            "ebs_optimized": false,
            "enclave_options": [
              {
                "enabled": false
              }
            ],
            "ephemeral_block_device": [],
            "get_password_data": false,
            "hibernation": false,
            "host_id": null,
            "iam_instance_profile": "",
            "id": "i-09781afc55a724def",
            "instance_initiated_shutdown_behavior": "stop",
            "instance_state": "running",
            "instance_type": "t2.micro",
            "ipv6_address_count": 0,
            "ipv6_addresses": [],
            "key_name": "deployer-key",
            "launch_template": [],
            "metadata_options": [
              {
                "http_endpoint": "enabled",
                "http_put_response_hop_limit": 1,
                "http_tokens": "optional",
                "instance_metadata_tags": "disabled"
              }
            ],
            "monitoring": false,
            "network_interface": [],
            "outpost_arn": "",
            "password_data": "",
            "placement_group": "",
            "placement_partition_number": null,
            "primary_network_interface_id": "eni-0891ff626259a5c09",
            "private_dns": "ip-10-1-2-219.ec2.internal",
            "private_ip": "10.1.2.219",
            "public_dns": "",
            "public_ip": "",
            "root_block_device": [
              {
                "delete_on_termination": true,
                "device_name": "/dev/xvda",
                "encrypted": false,
                "iops": 100,
                "kms_key_id": "",
                "tags": {},
                "throughput": 0,
                "volume_id": "vol-09515e6bcc76db504",
                "volume_size": 8,
                "volume_type": "gp2"
              }
            ],
            "secondary_private_ips": [],
            "security_groups": [],
            "source_dest_check": true,
            "subnet_id": "subnet-0dcc1cd0df6590d43",
            "tags": null,
            "tags_all": {},
            "tenancy": "default",
            "timeouts": null,
            "user_data": null,
            "user_data_base64": null,
            "volume_tags": null,
            "vpc_security_group_ids": [
              "sg-0d2ac06623b0946de"
            ]
          },
          "sensitive_attributes": [],
          "private": "eyJlMmJmYjczMC1lY2FhLTExZTYtOGY4OC0zNDM2M2JjN2M0YzAiOnsiY3JlYXRlIjo2MDAwMDAwMDAwMDAsImRlbGV0ZSI6MTIwMDAwMDAwMDAwMCwidXBkYXRlIjo2MDAwMDAwMDAwMDB9LCJzY2hlbWFfdmVyc2lvbiI6IjEifQ==",
          "dependencies": [
            "aws_key_pair.deployer",
            "aws_security_group.private_sg",
            "aws_subnet.private_subnet",
            "aws_vpc.main"
          ]
        }
      ]
    },
    {
      "mode": "managed",
      "type": "aws_instance",
      "name": "public_ec2",
      "provider": "provider[\"registry.terraform.io/hashicorp/aws\"]",
      "instances": [
        {
          "schema_version": 1,
          "attributes": {
            "ami": "ami-08e4e35cccc6189f4",
            "arn": "arn:aws:ec2:us-east-1:337948412185:instance/i-0e28e347174162463",
            "associate_public_ip_address": true,
            "availability_zone": "us-east-1a",
            "capacity_reservation_specification": [
              {
                "capacity_reservation_preference": "open",
                "capacity_reservation_target": []
              }
            ],
            "cpu_core_count": 1,
            "cpu_threads_per_core": 1,
            "credit_specification": [
              {
                "cpu_credits": "standard"
              }
            ],
            "disable_api_termination": false,
            "ebs_block_device": [],
            "ebs_optimized": false,
            "enclave_options": [
              {
                "enabled": false
              }
            ],
            "ephemeral_block_device": [],
            "get_password_data": false,
            "hibernation": false,
            "host_id": null,
            "iam_instance_profile": "",
            "id": "i-0e28e347174162463",
            "instance_initiated_shutdown_behavior": "stop",
            "instance_state": "running",
            "instance_type": "t2.micro",
            "ipv6_address_count": 0,
            "ipv6_addresses": [],
            "key_name": "deployer-key",
            "launch_template": [],
            "metadata_options": [
              {
                "http_endpoint": "enabled",
                "http_put_response_hop_limit": 1,
                "http_tokens": "optional",
                "instance_metadata_tags": "disabled"
              }
            ],
            "monitoring": false,
            "network_interface": [],
            "outpost_arn": "",
            "password_data": "",
            "placement_group": "",
            "placement_partition_number": null,
            "primary_network_interface_id": "eni-07482eba7d08e2413",
            "private_dns": "ip-10-1-1-248.ec2.internal",
            "private_ip": "10.1.1.248",
            "public_dns": "",
            "public_ip": "54.159.67.254",
            "root_block_device": [
              {
                "delete_on_termination": true,
                "device_name": "/dev/xvda",
                "encrypted": false,
                "iops": 100,
                "kms_key_id": "",
                "tags": {},
                "throughput": 0,
                "volume_id": "vol-0939e478d59d38728",
                "volume_size": 8,
                "volume_type": "gp2"
              }
            ],
            "secondary_private_ips": [],
            "security_groups": [],
            "source_dest_check": true,
            "subnet_id": "subnet-0cef982d61fc2df26",
            "tags": {},
            "tags_all": {},
            "tenancy": "default",
            "timeouts": null,
            "user_data": null,
            "user_data_base64": null,
            "volume_tags": null,
            "vpc_security_group_ids": [
              "sg-0a8c373c91a1d5d55"
            ]
          },
          "sensitive_attributes": [],
          "private": "eyJlMmJmYjczMC1lY2FhLTExZTYtOGY4OC0zNDM2M2JjN2M0YzAiOnsiY3JlYXRlIjo2MDAwMDAwMDAwMDAsImRlbGV0ZSI6MTIwMDAwMDAwMDAwMCwidXBkYXRlIjo2MDAwMDAwMDAwMDB9LCJzY2hlbWFfdmVyc2lvbiI6IjEifQ==",
          "dependencies": [
            "aws_key_pair.deployer",
            "aws_security_group.public_sg",
            "aws_subnet.public_subnet",
            "aws_vpc.main",
            "tls_private_key.example_ssh"
          ]
        }
      ]
    },
    {
      "mode": "managed",
      "type": "aws_internet_gateway",
      "name": "igw",
      "provider": "provider[\"registry.terraform.io/hashicorp/aws\"]",
      "instances": [
        {
          "schema_version": 0,
          "attributes": {
            "arn": "arn:aws:ec2:us-east-1:337948412185:internet-gateway/igw-06d30de3d868eac11",
            "id": "igw-06d30de3d868eac11",
            "owner_id": "337948412185",
            "tags": {
              "Name": "my-terraform-gateway"
            },
            "tags_all": {
              "Name": "my-terraform-gateway"
            },
            "vpc_id": "vpc-0c9b9745cdb361947"
          },
          "sensitive_attributes": [],
          "private": "bnVsbA==",
          "dependencies": [
            "aws_vpc.main"
          ]
        }
      ]
    },
    {
      "mode": "managed",
      "type": "aws_key_pair",
      "name": "deployer",
      "provider": "provider[\"registry.terraform.io/hashicorp/aws\"]",
      "instances": [
        {
          "schema_version": 1,
          "attributes": {
            "arn": "arn:aws:ec2:us-east-1:337948412185:key-pair/deployer-key",
            "fingerprint": "00:e5:7b:18:4a:27:ff:c3:7f:43:a8:4b:75:91:2e:ae",
            "id": "deployer-key",
            "key_name": "deployer-key",
            "key_name_prefix": "",
            "key_pair_id": "key-0dcca01e5c15124de",
            "public_key": "ssh-rsa AAAAB3NzaC1yc2EAAAADAQABAAACAQDd9pNzLahDsti2OztUPhYKsRdcDxvxV6aL6u4LcSeliPsGBrcUq+Cb2qKYRM0JmxGl5pCOpsMsTyXqWOYbh6oxvTNA5QQySKOgfAq/zWPqHEXi/gOTa1ivB2IoWiYU7guGl5diV1D9V/K9Z2qGmomUBDF+DKEKnN8fS2yiOM4bv4zWWXcyCv5Kb/t9XcIx9JzOuy1CntKRdYjaPNxvjBWT/57GPefJ+y8hHtG65ppDphu+oxG2N3W3V/KNgfFSZctB/jVWF33Sw09ghTRTYNhIvFxn8aFsDW0DR8bLNMEF7Cl3Xqyaj0x+YNLpx7AoN9eqdV0pnLsd9y1QFMX++rWoBXy9WsoKkNkenUMsj0pJG9TW92qzGtJmCryoJKuzL4fxdQSEkHDB4oMvAZVi6zAfUzbbM5WvCxbDNj7ajbBk0F6ZUQtCTAi2uuPXlkRXMm9ZJ9wewpY+ok9KeyAu9KVaP8OFDhd0ArhiAinWtJgZl3YNgFvVfAFBikWc53rsSSyeJ/Yb/AT7dXYnWBS08pEuvVWeHn6ameqidy7HA5knsUoLQo5vvm9+0c32FU9e8+W0jNZP/ZrawA9ZtbfRvolEZRmT0+8Tx6yeDLVsGZHCv+HcOLLLW1RNNmFB9JATptKB9HtnByzzWzUrLCTyossf+TAUZbjYk05ghKepaAN9FQ==",
            "tags": {},
            "tags_all": {}
          },
          "sensitive_attributes": [],
          "private": "eyJzY2hlbWFfdmVyc2lvbiI6IjEifQ==",
          "dependencies": [
            "tls_private_key.example_ssh"
          ]
        }
      ]
    },
    {
      "mode": "managed",
      "type": "aws_network_acl",
      "name": "private_nacl",
      "provider": "provider[\"registry.terraform.io/hashicorp/aws\"]",
      "instances": [
        {
          "schema_version": 0,
          "attributes": {
            "arn": "arn:aws:ec2:us-east-1:337948412185:network-acl/acl-0d010dbc5bccfd697",
            "egress": [
              {
                "action": "allow",
                "cidr_block": "0.0.0.0/0",
                "from_port": 0,
                "icmp_code": 0,
                "icmp_type": 0,
                "ipv6_cidr_block": "",
                "protocol": "6",
                "rule_no": 100,
                "to_port": 0
              }
            ],
            "id": "acl-0d010dbc5bccfd697",
            "ingress": [
              {
                "action": "allow",
                "cidr_block": "10.1.0.0/16",
                "from_port": 22,
                "icmp_code": 0,
                "icmp_type": 0,
                "ipv6_cidr_block": "",
                "protocol": "6",
                "rule_no": 110,
                "to_port": 22
              }
            ],
            "owner_id": "337948412185",
            "subnet_ids": [
              "subnet-0dcc1cd0df6590d43"
            ],
            "tags": {
              "Name": "nacl_private"
            },
            "tags_all": {
              "Name": "nacl_private"
            },
            "vpc_id": "vpc-0c9b9745cdb361947"
          },
          "sensitive_attributes": [],
          "private": "bnVsbA==",
          "dependencies": [
            "aws_subnet.private_subnet",
            "aws_vpc.main"
          ]
        }
      ]
    },
    {
      "mode": "managed",
      "type": "aws_network_acl",
      "name": "public_nacl",
      "provider": "provider[\"registry.terraform.io/hashicorp/aws\"]",
      "instances": [
        {
          "schema_version": 0,
          "attributes": {
            "arn": "arn:aws:ec2:us-east-1:337948412185:network-acl/acl-04ee070037f740d5b",
            "egress": [
              {
                "action": "allow",
                "cidr_block": "0.0.0.0/0",
                "from_port": 0,
                "icmp_code": 0,
                "icmp_type": 0,
                "ipv6_cidr_block": "",
                "protocol": "6",
                "rule_no": 100,
                "to_port": 0
              }
            ],
            "id": "acl-04ee070037f740d5b",
            "ingress": [
              {
                "action": "allow",
                "cidr_block": "0.0.0.0/0",
                "from_port": 22,
                "icmp_code": 0,
                "icmp_type": 0,
                "ipv6_cidr_block": "",
                "protocol": "6",
                "rule_no": 110,
                "to_port": 22
              },
              {
                "action": "allow",
                "cidr_block": "0.0.0.0/0",
                "from_port": 80,
                "icmp_code": 0,
                "icmp_type": 0,
                "ipv6_cidr_block": "",
                "protocol": "6",
                "rule_no": 100,
                "to_port": 80
              }
            ],
            "owner_id": "337948412185",
            "subnet_ids": [
              "subnet-0cef982d61fc2df26"
            ],
            "tags": {
              "Name": "nacl_public"
            },
            "tags_all": {
              "Name": "nacl_public"
            },
            "vpc_id": "vpc-0c9b9745cdb361947"
          },
          "sensitive_attributes": [],
          "private": "bnVsbA==",
          "dependencies": [
            "aws_subnet.public_subnet",
            "aws_vpc.main"
          ]
        }
      ]
    },
    {
      "mode": "managed",
      "type": "aws_network_acl_rule",
      "name": "private_nacl_rule2",
      "provider": "provider[\"registry.terraform.io/hashicorp/aws\"]",
      "instances": [
        {
          "schema_version": 0,
          "attributes": {
            "cidr_block": "10.1.0.0/16",
            "egress": false,
            "from_port": 22,
            "icmp_code": null,
            "icmp_type": null,
            "id": "nacl-2982785390",
            "ipv6_cidr_block": "",
            "network_acl_id": "acl-0d010dbc5bccfd697",
            "protocol": "tcp",
            "rule_action": "allow",
            "rule_number": 110,
            "to_port": 22
          },
          "sensitive_attributes": [],
          "private": "bnVsbA==",
          "dependencies": [
            "aws_subnet.private_subnet",
            "aws_vpc.main",
            "aws_network_acl.private_nacl"
          ]
        }
      ]
    },
    {
      "mode": "managed",
      "type": "aws_network_acl_rule",
      "name": "private_outbound_nacl_rule1",
      "provider": "provider[\"registry.terraform.io/hashicorp/aws\"]",
      "instances": [
        {
          "schema_version": 0,
          "attributes": {
            "cidr_block": "0.0.0.0/0",
            "egress": true,
            "from_port": 0,
            "icmp_code": null,
            "icmp_type": null,
            "id": "nacl-2995165301",
            "ipv6_cidr_block": "",
            "network_acl_id": "acl-0d010dbc5bccfd697",
            "protocol": "tcp",
            "rule_action": "allow",
            "rule_number": 100,
            "to_port": 0
          },
          "sensitive_attributes": [],
          "private": "bnVsbA==",
          "dependencies": [
            "aws_network_acl.private_nacl",
            "aws_subnet.private_subnet",
            "aws_vpc.main"
          ]
        }
      ]
    },
    {
      "mode": "managed",
      "type": "aws_network_acl_rule",
      "name": "public_nacl_rule1",
      "provider": "provider[\"registry.terraform.io/hashicorp/aws\"]",
      "instances": [
        {
          "schema_version": 0,
          "attributes": {
            "cidr_block": "0.0.0.0/0",
            "egress": false,
            "from_port": 80,
            "icmp_code": null,
            "icmp_type": null,
            "id": "nacl-3126414976",
            "ipv6_cidr_block": "",
            "network_acl_id": "acl-04ee070037f740d5b",
            "protocol": "tcp",
            "rule_action": "allow",
            "rule_number": 100,
            "to_port": 80
          },
          "sensitive_attributes": [],
          "private": "bnVsbA==",
          "dependencies": [
            "aws_vpc.main",
            "aws_network_acl.public_nacl",
            "aws_subnet.public_subnet"
          ]
        }
      ]
    },
    {
      "mode": "managed",
      "type": "aws_network_acl_rule",
      "name": "public_nacl_rule2",
      "provider": "provider[\"registry.terraform.io/hashicorp/aws\"]",
      "instances": [
        {
          "schema_version": 0,
          "attributes": {
            "cidr_block": "0.0.0.0/0",
            "egress": false,
            "from_port": 22,
            "icmp_code": null,
            "icmp_type": null,
            "id": "nacl-1741657861",
            "ipv6_cidr_block": "",
            "network_acl_id": "acl-04ee070037f740d5b",
            "protocol": "tcp",
            "rule_action": "allow",
            "rule_number": 110,
            "to_port": 22
          },
          "sensitive_attributes": [],
          "private": "bnVsbA==",
          "dependencies": [
            "aws_subnet.public_subnet",
            "aws_vpc.main",
            "aws_network_acl.public_nacl"
          ]
        }
      ]
    },
    {
      "mode": "managed",
      "type": "aws_network_acl_rule",
      "name": "public_outbound_nacl_rule1",
      "provider": "provider[\"registry.terraform.io/hashicorp/aws\"]",
      "instances": [
        {
          "schema_version": 0,
          "attributes": {
            "cidr_block": "0.0.0.0/0",
            "egress": true,
            "from_port": 0,
            "icmp_code": null,
            "icmp_type": null,
            "id": "nacl-1644370901",
            "ipv6_cidr_block": "",
            "network_acl_id": "acl-04ee070037f740d5b",
            "protocol": "tcp",
            "rule_action": "allow",
            "rule_number": 100,
            "to_port": 0
          },
          "sensitive_attributes": [],
          "private": "bnVsbA==",
          "dependencies": [
            "aws_network_acl.public_nacl",
            "aws_subnet.public_subnet",
            "aws_vpc.main"
          ]
        }
      ]
    },
    {
      "mode": "managed",
      "type": "aws_route_table",
      "name": "main-private",
      "provider": "provider[\"registry.terraform.io/hashicorp/aws\"]",
      "instances": [
        {
          "schema_version": 0,
          "attributes": {
            "arn": "arn:aws:ec2:us-east-1:337948412185:route-table/rtb-0ef49f87400d8a0bb",
            "id": "rtb-0ef49f87400d8a0bb",
            "owner_id": "337948412185",
            "propagating_vgws": [],
            "route": [],
            "tags": {
              "Name": "terraform-private-rt"
            },
            "tags_all": {
              "Name": "terraform-private-rt"
            },
            "timeouts": null,
            "vpc_id": "vpc-0c9b9745cdb361947"
          },
          "sensitive_attributes": [],
          "private": "eyJlMmJmYjczMC1lY2FhLTExZTYtOGY4OC0zNDM2M2JjN2M0YzAiOnsiY3JlYXRlIjozMDAwMDAwMDAwMDAsImRlbGV0ZSI6MzAwMDAwMDAwMDAwLCJ1cGRhdGUiOjEyMDAwMDAwMDAwMH19",
          "dependencies": [
            "aws_vpc.main"
          ]
        }
      ]
    },
    {
      "mode": "managed",
      "type": "aws_route_table",
      "name": "main-public",
      "provider": "provider[\"registry.terraform.io/hashicorp/aws\"]",
      "instances": [
        {
          "schema_version": 0,
          "attributes": {
            "arn": "arn:aws:ec2:us-east-1:337948412185:route-table/rtb-0c532af3771fc9c04",
            "id": "rtb-0c532af3771fc9c04",
            "owner_id": "337948412185",
            "propagating_vgws": [],
            "route": [
              {
                "carrier_gateway_id": "",
                "cidr_block": "0.0.0.0/0",
                "destination_prefix_list_id": "",
                "egress_only_gateway_id": "",
                "gateway_id": "igw-06d30de3d868eac11",
                "instance_id": "",
                "ipv6_cidr_block": "",
                "local_gateway_id": "",
                "nat_gateway_id": "",
                "network_interface_id": "",
                "transit_gateway_id": "",
                "vpc_endpoint_id": "",
                "vpc_peering_connection_id": ""
              }
            ],
            "tags": {
              "Name": "terraform-public-rt"
            },
            "tags_all": {
              "Name": "terraform-public-rt"
            },
            "timeouts": null,
            "vpc_id": "vpc-0c9b9745cdb361947"
          },
          "sensitive_attributes": [],
          "private": "eyJlMmJmYjczMC1lY2FhLTExZTYtOGY4OC0zNDM2M2JjN2M0YzAiOnsiY3JlYXRlIjozMDAwMDAwMDAwMDAsImRlbGV0ZSI6MzAwMDAwMDAwMDAwLCJ1cGRhdGUiOjEyMDAwMDAwMDAwMH19",
          "dependencies": [
            "aws_internet_gateway.igw",
            "aws_vpc.main"
          ]
        }
      ]
    },
    {
      "mode": "managed",
      "type": "aws_route_table_association",
      "name": "main-private-1-a",
      "provider": "provider[\"registry.terraform.io/hashicorp/aws\"]",
      "instances": [
        {
          "schema_version": 0,
          "attributes": {
            "gateway_id": "",
            "id": "rtbassoc-038cc0fae8c909313",
            "route_table_id": "rtb-0ef49f87400d8a0bb",
            "subnet_id": "subnet-0dcc1cd0df6590d43"
          },
          "sensitive_attributes": [],
          "private": "bnVsbA==",
          "dependencies": [
            "aws_route_table.main-private",
            "aws_subnet.private_subnet",
            "aws_vpc.main"
          ]
        }
      ]
    },
    {
      "mode": "managed",
      "type": "aws_route_table_association",
      "name": "main-public-1-a",
      "provider": "provider[\"registry.terraform.io/hashicorp/aws\"]",
      "instances": [
        {
          "schema_version": 0,
          "attributes": {
            "gateway_id": "",
            "id": "rtbassoc-0caccc08a940384c1",
            "route_table_id": "rtb-0c532af3771fc9c04",
            "subnet_id": "subnet-0cef982d61fc2df26"
          },
          "sensitive_attributes": [],
          "private": "bnVsbA==",
          "dependencies": [
            "aws_internet_gateway.igw",
            "aws_route_table.main-public",
            "aws_subnet.public_subnet",
            "aws_vpc.main"
          ]
        }
      ]
    },
    {
      "mode": "managed",
      "type": "aws_security_group",
      "name": "private_sg",
      "provider": "provider[\"registry.terraform.io/hashicorp/aws\"]",
      "instances": [
        {
          "schema_version": 1,
          "attributes": {
            "arn": "arn:aws:ec2:us-east-1:337948412185:security-group/sg-0d2ac06623b0946de",
            "description": "security group that allows ssh from private network and all egress traffic",
            "egress": [
              {
                "cidr_blocks": [
                  "0.0.0.0/0"
                ],
                "description": "",
                "from_port": 0,
                "ipv6_cidr_blocks": [],
                "prefix_list_ids": [],
                "protocol": "-1",
                "security_groups": [],
                "self": false,
                "to_port": 0
              }
            ],
            "id": "sg-0d2ac06623b0946de",
            "ingress": [
              {
                "cidr_blocks": [
                  "10.1.0.0/16"
                ],
                "description": "",
                "from_port": 22,
                "ipv6_cidr_blocks": [],
                "prefix_list_ids": [],
                "protocol": "tcp",
                "security_groups": [],
                "self": false,
                "to_port": 22
              }
            ],
            "name": "allow-ssh-private",
            "name_prefix": "",
            "owner_id": "337948412185",
            "revoke_rules_on_delete": false,
            "tags": {
              "Name": "private-sg"
            },
            "tags_all": {
              "Name": "private-sg"
            },
            "timeouts": null,
            "vpc_id": "vpc-0c9b9745cdb361947"
          },
          "sensitive_attributes": [],
          "private": "eyJlMmJmYjczMC1lY2FhLTExZTYtOGY4OC0zNDM2M2JjN2M0YzAiOnsiY3JlYXRlIjo2MDAwMDAwMDAwMDAsImRlbGV0ZSI6OTAwMDAwMDAwMDAwfSwic2NoZW1hX3ZlcnNpb24iOiIxIn0=",
          "dependencies": [
            "aws_vpc.main"
          ]
        }
      ]
    },
    {
      "mode": "managed",
      "type": "aws_security_group",
      "name": "public_sg",
      "provider": "provider[\"registry.terraform.io/hashicorp/aws\"]",
      "instances": [
        {
          "schema_version": 1,
          "attributes": {
            "arn": "arn:aws:ec2:us-east-1:337948412185:security-group/sg-0a8c373c91a1d5d55",
            "description": "security group that allows ssh and all egress traffic",
            "egress": [
              {
                "cidr_blocks": [
                  "0.0.0.0/0"
                ],
                "description": "",
                "from_port": 0,
                "ipv6_cidr_blocks": [],
                "prefix_list_ids": [],
                "protocol": "-1",
                "security_groups": [],
                "self": false,
                "to_port": 0
              }
            ],
            "id": "sg-0a8c373c91a1d5d55",
            "ingress": [
              {
                "cidr_blocks": [
                  "0.0.0.0/0"
                ],
                "description": "",
                "from_port": 22,
                "ipv6_cidr_blocks": [],
                "prefix_list_ids": [],
                "protocol": "tcp",
                "security_groups": [],
                "self": false,
                "to_port": 22
              }
            ],
            "name": "allow-ssh",
            "name_prefix": "",
            "owner_id": "337948412185",
            "revoke_rules_on_delete": false,
            "tags": {
              "Name": "example-instance"
            },
            "tags_all": {
              "Name": "example-instance"
            },
            "timeouts": null,
            "vpc_id": "vpc-0c9b9745cdb361947"
          },
          "sensitive_attributes": [],
          "private": "eyJlMmJmYjczMC1lY2FhLTExZTYtOGY4OC0zNDM2M2JjN2M0YzAiOnsiY3JlYXRlIjo2MDAwMDAwMDAwMDAsImRlbGV0ZSI6OTAwMDAwMDAwMDAwfSwic2NoZW1hX3ZlcnNpb24iOiIxIn0=",
          "dependencies": [
            "aws_vpc.main"
          ]
        }
      ]
    },
    {
      "mode": "managed",
      "type": "aws_subnet",
      "name": "private_subnet",
      "provider": "provider[\"registry.terraform.io/hashicorp/aws\"]",
      "instances": [
        {
          "schema_version": 1,
          "attributes": {
            "arn": "arn:aws:ec2:us-east-1:337948412185:subnet/subnet-0dcc1cd0df6590d43",
            "assign_ipv6_address_on_creation": false,
            "availability_zone": "us-east-1b",
            "availability_zone_id": "use1-az1",
            "cidr_block": "10.1.2.0/24",
            "customer_owned_ipv4_pool": "",
            "enable_dns64": false,
            "enable_resource_name_dns_a_record_on_launch": false,
            "enable_resource_name_dns_aaaa_record_on_launch": false,
            "id": "subnet-0dcc1cd0df6590d43",
            "ipv6_cidr_block": "",
            "ipv6_cidr_block_association_id": "",
            "ipv6_native": false,
            "map_customer_owned_ip_on_launch": false,
            "map_public_ip_on_launch": false,
            "outpost_arn": "",
            "owner_id": "337948412185",
            "private_dns_hostname_type_on_launch": "ip-name",
            "tags": {
              "Name": "private_subnet"
            },
            "tags_all": {
              "Name": "private_subnet"
            },
            "timeouts": null,
            "vpc_id": "vpc-0c9b9745cdb361947"
          },
          "sensitive_attributes": [],
          "private": "eyJlMmJmYjczMC1lY2FhLTExZTYtOGY4OC0zNDM2M2JjN2M0YzAiOnsiY3JlYXRlIjo2MDAwMDAwMDAwMDAsImRlbGV0ZSI6MTIwMDAwMDAwMDAwMH0sInNjaGVtYV92ZXJzaW9uIjoiMSJ9",
          "dependencies": [
            "aws_vpc.main"
          ]
        }
      ]
    },
    {
      "mode": "managed",
      "type": "aws_subnet",
      "name": "public_subnet",
      "provider": "provider[\"registry.terraform.io/hashicorp/aws\"]",
      "instances": [
        {
          "schema_version": 1,
          "attributes": {
            "arn": "arn:aws:ec2:us-east-1:337948412185:subnet/subnet-0cef982d61fc2df26",
            "assign_ipv6_address_on_creation": false,
            "availability_zone": "us-east-1a",
            "availability_zone_id": "use1-az6",
            "cidr_block": "10.1.1.0/24",
            "customer_owned_ipv4_pool": "",
            "enable_dns64": false,
            "enable_resource_name_dns_a_record_on_launch": false,
            "enable_resource_name_dns_aaaa_record_on_launch": false,
            "id": "subnet-0cef982d61fc2df26",
            "ipv6_cidr_block": "",
            "ipv6_cidr_block_association_id": "",
            "ipv6_native": false,
            "map_customer_owned_ip_on_launch": false,
            "map_public_ip_on_launch": false,
            "outpost_arn": "",
            "owner_id": "337948412185",
            "private_dns_hostname_type_on_launch": "ip-name",
            "tags": {
              "Name": "public_subnet"
            },
            "tags_all": {
              "Name": "public_subnet"
            },
            "timeouts": null,
            "vpc_id": "vpc-0c9b9745cdb361947"
          },
          "sensitive_attributes": [],
          "private": "eyJlMmJmYjczMC1lY2FhLTExZTYtOGY4OC0zNDM2M2JjN2M0YzAiOnsiY3JlYXRlIjo2MDAwMDAwMDAwMDAsImRlbGV0ZSI6MTIwMDAwMDAwMDAwMH0sInNjaGVtYV92ZXJzaW9uIjoiMSJ9",
          "dependencies": [
            "aws_vpc.main"
          ]
        }
      ]
    },
    {
      "mode": "managed",
      "type": "aws_vpc",
      "name": "main",
      "provider": "provider[\"registry.terraform.io/hashicorp/aws\"]",
      "instances": [
        {
          "schema_version": 1,
          "attributes": {
            "arn": "arn:aws:ec2:us-east-1:337948412185:vpc/vpc-0c9b9745cdb361947",
            "assign_generated_ipv6_cidr_block": false,
            "cidr_block": "10.1.0.0/16",
            "default_network_acl_id": "acl-0854df18d42b0c98c",
            "default_route_table_id": "rtb-07e32e735d66f2d3f",
            "default_security_group_id": "sg-05382c435c72835ea",
            "dhcp_options_id": "dopt-42eafe38",
            "enable_classiclink": false,
            "enable_classiclink_dns_support": false,
            "enable_dns_hostnames": false,
            "enable_dns_support": true,
            "id": "vpc-0c9b9745cdb361947",
            "instance_tenancy": "default",
            "ipv4_ipam_pool_id": null,
            "ipv4_netmask_length": null,
            "ipv6_association_id": "",
            "ipv6_cidr_block": "",
            "ipv6_cidr_block_network_border_group": null,
            "ipv6_ipam_pool_id": null,
            "ipv6_netmask_length": null,
            "main_route_table_id": "rtb-07e32e735d66f2d3f",
            "owner_id": "337948412185",
            "tags": {
              "Name": "terraform-vpc"
            },
            "tags_all": {
              "Name": "terraform-vpc"
            }
          },
          "sensitive_attributes": [],
          "private": "eyJzY2hlbWFfdmVyc2lvbiI6IjEifQ=="
        }
      ]
    },
    {
      "mode": "managed",
      "type": "tls_private_key",
      "name": "example_ssh",
      "provider": "provider[\"registry.terraform.io/hashicorp/tls\"]",
      "instances": [
        {
          "schema_version": 0,
          "attributes": {
            "algorithm": "RSA",
            "ecdsa_curve": "P224",
            "id": "e52482db406bd14a4f1eb0b71d351c6f28b15cb4",
            "private_key_pem": "-----BEGIN RSA PRIVATE KEY-----\nMIIJJwIBAAKCAgEA3faTcy2oQ7LYtjs7VD4WCrEXXA8b8Vemi+ruC3EnpYj7Bga3\nFKvgm9qimETNCZsRpeaQjqbDLE8l6ljmG4eqMb0zQOUEMkijoHwKv81j6hxF4v4D\nk2tYrwdiKFomFO4LhpeXYldQ/VfyvWdqhpqJlAQxfgyhCpzfH0tsojjOG7+M1ll3\nMgr+Sm/7fV3CMfSczrstQp7SkXWI2jzcb4wVk/+exj3nyfsvIR7RuuaaQ6YbvqMR\ntjd1t1fyjYHxUmXLQf41Vhd90sNPYIU0U2DYSLxcZ/GhbA1tA0fGyzTBBewpd16s\nmo9MfmDS6cewKDfXqnVdKZy7HfctUBTF/vq1qAV8vVrKCpDZHp1DLI9KSRvU1vdq\nsxrSZgq8qCSrsy+H8XUEhJBwweKDLwGVYuswH1M22zOVrwsWwzY+2o2wZNBemVEL\nQkwItrrj15ZEVzJvWSfcHsKWPqJPSnsgLvSlWj/DhQ4XdAK4YgIp1rSYGZd2DYBb\n1XwBQYpFnOd67Eksnif2G/wE+3V2J1gUtPKRLr1Vnh5+mpnqoncuxwOZJ7FKC0KO\nb75vftHN9hVPXvPltIzWT/2a2sAPWbW30b6JRGUZk9PvE8esngy1bBmRwr/h3Diy\ny1tUTTZhQfSQE6bSgfR7Zwcs81s1Kywk8qLLH/kwFGW42JNOYISnqWgDfRUCAwEA\nAQKCAgAazovSTkJTIsdvgsnQi8sHsYmbsatzQ1226kGjmh/qqxd+C9OSqItw5z/Z\n2f1VWqgP/D+bKuLJeCmhGul3i7PvW+VTwhT2qbUxTanSrlCR1qZOGtV9uWo1gVPG\ngdS1lGZJ9AbxdpAueK+1VkcUSJezC6qaiZXtfTKpSeet0+R4j3LH9Hgj0BYUEWAz\nLN6mP9+sTAjUUfAmZyaHDPCmfCmi/S1Ezfcveqmfe2RjCTS6VNZm+LTL5/jMks+V\nbYsio26f4r64ThABI1tz0cKXC0wzxKP4XcNcFGcFDWch5ZYmS/ZaF1ILPKFFZhYy\n684HnW7rhE8jFm222cJcOJYNDGRh0+sOnCLuNRI78RSYJUIzMUkFTeYBAzD4mnOg\n+/07nka5uSw+st6bLtBd0+HnNWRK5iVLXFvqNjcGPSUuG7Z45zC7JsWvmu3AXBSA\n9BI96eq+ODPBx+7jpiZN0MkPW2MmaH+U3Y0db2LIInLZiasf3FvF2HubR+fBRzNL\nO+ho5c3vkie0Lhur4Afrtytczsx0B4txodKk0rsDUgUSLaZ3EL/YyWcIQjx78Bi8\nvXuXBNI33WNUNl1SbUFHfx0DsahyqZc8NbCBlW67gt8rcXDJIq6aXsOO/nFRhHxE\nCq5+shi5LvtgejePkefelfYSm37CLDNqMZaXEiN/3HoUgFTw5QKCAQEA8Jns93jv\nboBDyc8MbQDEtebhJkrNuYM8PlHiMQ+Cqvr9cFoSBePxYHHYsHLSA18FJ6avJnJ3\nHogjp0FlSwUANsK+4qOBfaklR9OJkO4tbqVQNq2ZKaZ8DfSF3v/YCZJdkgk50V38\nPvNSUrHtYaHNlfjg9b5R4GSuikn9Jxvg1yuMi6h92j6HrPbkEJVneYSuzhnSCgfM\nG+FT4H6fIfam9Dc2WJHb13enZe/L6w1sV34bcTaec7hos0DlI7BxLkmv070OoSzh\nk6sV4Ms3hAeV8koTuYj/jya2wHTF1go8SU+nUWWS4cJ7P8S+anJTfnJ/XQFEowKe\naRUWXH4sE2NPXwKCAQEA7CtHcE0uaTKfyeUYNulHvPWbSiUCWozI2dUKVqOscTKu\nnK6XcQ2rfkxPra3NcXzOJf5qSq26VFcbXVQ6VXFAYtSa9O2DqCGveEaC+yyiZser\nX6scMxCR7vNd0aByuCYb1kEv/+L/XY6Lnmx+mwjgm/ld9Ey6L/iFcwsJs+XsjNrT\nko8SBntiGdDPMevp0Ry1oAI4QsVyCsTVdelM9MszTQm5zU29Kf4UA7tV+80rv7de\nIDXYfYMSIeduxKmWO3BP1hhQYi79xqyZbGsd9MjOWDGj53lN+xD3A0XEw8gRoSDP\ntuTQLlds90PGUll/Gng0na8bJ069EYbyYIGxAJ1sCwKCAQBEsT21ngKGAvrXqFR8\n3oZLBOLtQtgfifduN4SjyzDcThKDvEN/CQhGJ9rc7btGGR/opS9Gg9G8ltPPEd2w\noHniKJHFNTdoQB2TtzKEfWvdNjeDlOawvIaYmWKLO3JbsT0jz5yBSRsWgfPUBlam\n1EJU+hyILNFFhplKhDtRqiT0acuTqARehhHIcSjGD1HeoOIjl72e/YDpyNhgtOYM\nFVavTQAoI2SnzNKvSNpofombJTcCiLyOf2ztGK8TFHIL7B/WDRkbLSwuM99oMbzk\n5iGKblnZU+La5QuyQOSm6n8x0xsLIzvfVt5HY42V6JQr+tagIBePjtTZXZrnx2Ig\nGu9zAoIBAE2I9+86p54J7MPP3t9IPzEeQVlaRSeNSPObKcW//oE7bnAqMbYAEulo\nDFCs2uIDY3q9yA+0cZP29Rjy6iPbBpRr0GPRBoRQatdF7wKfaMHtk6nY920cZ4zX\ngVmtH3ytpj31MNkFoWkJv3THkdk8VOFgQSRPfGD7anSWjxzsw3iK7yMSrYxLPa3U\nC/ILzbvFfSuHDwl84S//50TKz2UewTztkH6CozQCIngHLPd6KH7MqK5SfzzVp0JS\nRN9z/cqN2OglG17gpphvWf9qO2997aCuy2zXOm7O5wnAAhV0vbT0nL0i6eYM9c1I\nBvhKQZxjEoMiVfvVseTrNO/SJFZbWHkCggEAQgBrYcE+BbmBbH28mUBvCQRXem57\nXr0Xdruiee9TB/TUqul8auCve20H2hpEWLoJB0aKzHysgfEv348T4VXZfYFmfJ98\nt6r00057oaHvOAMuplwIGN03y7Kdaoou+hPbpse/IXdM1jb3qFHmPEEiwyAAmYex\nNwst6djrRdPPABqXPddi/JoVJW3wNOtGbSmxPV0GucZz0knazzxNOgwA7R49jKun\nNJbirHTOHExNxXrlc/L6VRqnTrR17/Z9B7sTvZgMmUxg6Tc2gX4LmQAlrl3nC3vb\ngDCM5FBf31eHoiQf2bB9VqyrDZioCfovgVV8xr09cV9+c9VAT7IR1b16MA==\n-----END RSA PRIVATE KEY-----\n",
            "public_key_fingerprint_md5": "96:ec:10:d5:90:30:f8:94:53:31:f7:51:22:0f:46:66",
            "public_key_openssh": "ssh-rsa AAAAB3NzaC1yc2EAAAADAQABAAACAQDd9pNzLahDsti2OztUPhYKsRdcDxvxV6aL6u4LcSeliPsGBrcUq+Cb2qKYRM0JmxGl5pCOpsMsTyXqWOYbh6oxvTNA5QQySKOgfAq/zWPqHEXi/gOTa1ivB2IoWiYU7guGl5diV1D9V/K9Z2qGmomUBDF+DKEKnN8fS2yiOM4bv4zWWXcyCv5Kb/t9XcIx9JzOuy1CntKRdYjaPNxvjBWT/57GPefJ+y8hHtG65ppDphu+oxG2N3W3V/KNgfFSZctB/jVWF33Sw09ghTRTYNhIvFxn8aFsDW0DR8bLNMEF7Cl3Xqyaj0x+YNLpx7AoN9eqdV0pnLsd9y1QFMX++rWoBXy9WsoKkNkenUMsj0pJG9TW92qzGtJmCryoJKuzL4fxdQSEkHDB4oMvAZVi6zAfUzbbM5WvCxbDNj7ajbBk0F6ZUQtCTAi2uuPXlkRXMm9ZJ9wewpY+ok9KeyAu9KVaP8OFDhd0ArhiAinWtJgZl3YNgFvVfAFBikWc53rsSSyeJ/Yb/AT7dXYnWBS08pEuvVWeHn6ameqidy7HA5knsUoLQo5vvm9+0c32FU9e8+W0jNZP/ZrawA9ZtbfRvolEZRmT0+8Tx6yeDLVsGZHCv+HcOLLLW1RNNmFB9JATptKB9HtnByzzWzUrLCTyossf+TAUZbjYk05ghKepaAN9FQ==\n",
            "public_key_pem": "-----BEGIN PUBLIC KEY-----\nMIICIjANBgkqhkiG9w0BAQEFAAOCAg8AMIICCgKCAgEA3faTcy2oQ7LYtjs7VD4W\nCrEXXA8b8Vemi+ruC3EnpYj7Bga3FKvgm9qimETNCZsRpeaQjqbDLE8l6ljmG4eq\nMb0zQOUEMkijoHwKv81j6hxF4v4Dk2tYrwdiKFomFO4LhpeXYldQ/VfyvWdqhpqJ\nlAQxfgyhCpzfH0tsojjOG7+M1ll3Mgr+Sm/7fV3CMfSczrstQp7SkXWI2jzcb4wV\nk/+exj3nyfsvIR7RuuaaQ6YbvqMRtjd1t1fyjYHxUmXLQf41Vhd90sNPYIU0U2DY\nSLxcZ/GhbA1tA0fGyzTBBewpd16smo9MfmDS6cewKDfXqnVdKZy7HfctUBTF/vq1\nqAV8vVrKCpDZHp1DLI9KSRvU1vdqsxrSZgq8qCSrsy+H8XUEhJBwweKDLwGVYusw\nH1M22zOVrwsWwzY+2o2wZNBemVELQkwItrrj15ZEVzJvWSfcHsKWPqJPSnsgLvSl\nWj/DhQ4XdAK4YgIp1rSYGZd2DYBb1XwBQYpFnOd67Eksnif2G/wE+3V2J1gUtPKR\nLr1Vnh5+mpnqoncuxwOZJ7FKC0KOb75vftHN9hVPXvPltIzWT/2a2sAPWbW30b6J\nRGUZk9PvE8esngy1bBmRwr/h3Diyy1tUTTZhQfSQE6bSgfR7Zwcs81s1Kywk8qLL\nH/kwFGW42JNOYISnqWgDfRUCAwEAAQ==\n-----END PUBLIC KEY-----\n",
            "rsa_bits": 4096
          },
          "sensitive_attributes": [],
          "private": "bnVsbA=="
        }
      ]
    }
  ]
}
